
Microsoft Visual Studio Solution File, Format Version 12.00
# Visual Studio Version 16
VisualStudioVersion = 16.0.32228.343
MinimumVisualStudioVersion = 10.0.40219.1
Project("{FAE04EC0-301F-11D3-BF4B-00C04F79EFBC}") = "ilkin", "ilkin.csproj", "{783424BC-2ED8-4B6A-8DEE-E081FAE21B89}"
EndProject
Global
	GlobalSection(SolutionConfigurationPlatforms) = preSolution
		Debug|Any CPU = Debug|Any CPU
		Release|Any CPU = Release|Any CPU
	EndGlobalSection
	GlobalSection(ProjectConfigurationPlatforms) = postSolution
		{783424BC-2ED8-4B6A-8DEE-E081FAE21B89}.Debug|Any CPU.ActiveCfg = Debug|Any CPU
		{783424BC-2ED8-4B6A-8DEE-E081FAE21B89}.Debug|Any CPU.Build.0 = Debug|Any CPU
		{783424BC-2ED8-4B6A-8DEE-E081FAE21B89}.Release|Any CPU.ActiveCfg = Release|Any CPU
		{783424BC-2ED8-4B6A-8DEE-E081FAE21B89}.Release|Any CPU.Build.0 = Release|Any CPU
	EndGlobalSection
	GlobalSection(SolutionProperties) = preSolution
		HideSolutionNode = FALSE
	EndGlobalSection
	GlobalSection(ExtensibilityGlobals) = postSolution
		SolutionGuid = {EE9B4BC2-9ADE-415D-91BD-773222C4850D}
	EndGlobalSection
EndGlobal
